
Microsoft Visual Studio Solution File, Format Version 12.00
# Visual Studio Version 17
VisualStudioVersion = 17.4.33403.182
MinimumVisualStudioVersion = 10.0.40219.1
Project("{FAE04EC0-301F-11D3-BF4B-00C04F79EFBC}") = "StudentsDiary", "StudentsDiary\StudentsDiary.csproj", "{299905F1-D5E6-4C92-BDF8-C89FEF7C73FE}"
EndProject
Global
	GlobalSection(SolutionConfigurationPlatforms) = preSolution
		Debug|Any CPU = Debug|Any CPU
		Release|Any CPU = Release|Any CPU
	EndGlobalSection
	GlobalSection(ProjectConfigurationPlatforms) = postSolution
		{299905F1-D5E6-4C92-BDF8-C89FEF7C73FE}.Debug|Any CPU.ActiveCfg = Debug|Any CPU
		{299905F1-D5E6-4C92-BDF8-C89FEF7C73FE}.Debug|Any CPU.Build.0 = Debug|Any CPU
		{299905F1-D5E6-4C92-BDF8-C89FEF7C73FE}.Release|Any CPU.ActiveCfg = Release|Any CPU
		{299905F1-D5E6-4C92-BDF8-C89FEF7C73FE}.Release|Any CPU.Build.0 = Release|Any CPU
	EndGlobalSection
	GlobalSection(SolutionProperties) = preSolution
		HideSolutionNode = FALSE
	EndGlobalSection
	GlobalSection(ExtensibilityGlobals) = postSolution
		SolutionGuid = {4487BA1C-5BB7-4408-9217-7AA8EC8E936F}
	EndGlobalSection
EndGlobal
